
Microsoft Visual Studio Solution File, Format Version 12.00
# Visual Studio Version 17
VisualStudioVersion = 17.2.32526.322
MinimumVisualStudioVersion = 10.0.40219.1
Project("{FAE04EC0-301F-11D3-BF4B-00C04F79EFBC}") = "ÖğrenciNotKayıtSistemi", "ÖğrenciNotKayıtSistemi\ÖğrenciNotKayıtSistemi.csproj", "{FEAA946A-4FEF-4215-B6AD-7F137610609F}"
EndProject
Global
	GlobalSection(SolutionConfigurationPlatforms) = preSolution
		Debug|Any CPU = Debug|Any CPU
		Release|Any CPU = Release|Any CPU
	EndGlobalSection
	GlobalSection(ProjectConfigurationPlatforms) = postSolution
		{FEAA946A-4FEF-4215-B6AD-7F137610609F}.Debug|Any CPU.ActiveCfg = Debug|Any CPU
		{FEAA946A-4FEF-4215-B6AD-7F137610609F}.Debug|Any CPU.Build.0 = Debug|Any CPU
		{FEAA946A-4FEF-4215-B6AD-7F137610609F}.Release|Any CPU.ActiveCfg = Release|Any CPU
		{FEAA946A-4FEF-4215-B6AD-7F137610609F}.Release|Any CPU.Build.0 = Release|Any CPU
	EndGlobalSection
	GlobalSection(SolutionProperties) = preSolution
		HideSolutionNode = FALSE
	EndGlobalSection
	GlobalSection(ExtensibilityGlobals) = postSolution
		SolutionGuid = {E299A43A-A27C-45ED-9F8E-676E69843CD8}
	EndGlobalSection
EndGlobal
